{
  "requires": true,
  "lockfileVersion": 1,
  "dependencies": {
    "core-js": {
      "version": "3.20.3",
      "resolved": "https://registry.npmjs.org/core-js/-/core-js-3.20.3.tgz",
      "integrity": "sha512-vVl8j8ph6tRS3B8qir40H7yw7voy17xL0piAjlbBUsH7WIfzoedL/ZOr1OV9FyZQLWXsayOJyV4tnRyXR85/ag=="
    },
    "k8w-extend-native": {
      "version": "1.4.6",
      "resolved": "https://registry.npmjs.org/k8w-extend-native/-/k8w-extend-native-1.4.6.tgz",
      "integrity": "sha512-AHTCyFshldMme0s9FKD+QKG+QZdBkHXzl+8kYfNhsSDhcdQ5TYWQwphjecSJjxNdGd78TIbO0fHiOvM+Ei22YA==",
      "requires": {
        "k8w-linq-array": "*",
        "k8w-super-date": "*",
        "k8w-super-object": "*"
      }
    },
    "k8w-linq-array": {
      "version": "0.2.8",
      "resolved": "https://registry.npmjs.org/k8w-linq-array/-/k8w-linq-array-0.2.8.tgz",
      "integrity": "sha512-4IAkQN8UJdk804tQi++wuwSZvFWk/Wcl1uG5PR/0c0YvB5hUd2f8tJm3OgOMOxjV9UVByNLvnPYGIwrFQPpjlA=="
    },
    "k8w-super-date": {
      "version": "0.1.3",
      "resolved": "https://registry.npmjs.org/k8w-super-date/-/k8w-super-date-0.1.3.tgz",
      "integrity": "sha512-IBqKOAMAXR/bgzu+rYI30tEMP/Y6Q8HQuqJiTkE2mLJg11yok9guoi8uZTynTahviVBndcfBpOgi1H/zhihv7w=="
    },
    "k8w-super-object": {
      "version": "0.3.0",
      "resolved": "https://registry.npmjs.org/k8w-super-object/-/k8w-super-object-0.3.0.tgz",
      "integrity": "sha512-u2jfh4goYXKZmSucaLaOTaNbLRatjv0CSRpzE0KU0732+9XtYZFd5vrdw/mzJfK5fPHb/zyikOSHDX5mJrav+g=="
    },
    "tsbuffer": {
      "version": "2.1.7",
      "resolved": "https://registry.npmjs.org/tsbuffer/-/tsbuffer-2.1.7.tgz",
      "integrity": "sha512-tdYS/z0WZo+EZz/kqFEWIoydIwVNfpDe88a2E1lyMJmuMVRoWAiCec1cLRI5HiPUDzCkmvoFQRSZehzcabw5iw==",
      "requires": {
        "k8w-extend-native": "^1.4.6",
        "tsbuffer-validator": "^2.0.8",
        "tslib": "^2.3.1"
      }
    },
    "tsbuffer-schema": {
      "version": "2.1.1",
      "resolved": "https://registry.npmjs.org/tsbuffer-schema/-/tsbuffer-schema-2.1.1.tgz",
      "integrity": "sha512-c76TmiIJKHTdkByAXsLZ+Oin85y41CBOiGfrrPtBOTxh2pg80bN8wpF79N4teZA/B/u6SF47tsq2XR9Ef8/6kA=="
    },
    "tsbuffer-validator": {
      "version": "2.0.8",
      "resolved": "https://registry.npmjs.org/tsbuffer-validator/-/tsbuffer-validator-2.0.8.tgz",
      "integrity": "sha512-8piyI+bDjHKEFXXvAgFGgOr2U129ZqEdeLwv0571It0pq9semTSx/9AnwBVpkDNQjij/UAhTHFs0sDT5Q8Mg3A==",
      "requires": {
        "k8w-extend-native": "^1.4.6",
        "tsbuffer-schema": "^2.1.1",
        "tslib": "^2.3.1"
      }
    },
    "tslib": {
      "version": "2.3.1",
      "resolved": "https://registry.npmjs.org/tslib/-/tslib-2.3.1.tgz",
      "integrity": "sha512-77EbyPPpMz+FRFRuAFlWMtmgUWGe9UOG2Z25NqCwiIjRhOf5iKGuzSe5P2w1laq+FkRy4p+PCuVkJSGkzTEKVw=="
    },
    "tsrpc-base-client": {
      "version": "1.2.6",
      "resolved": "https://registry.npmjs.org/tsrpc-base-client/-/tsrpc-base-client-1.2.6.tgz",
      "integrity": "sha512-QH7fNvIsjkrF37osLbfNW2YfoJrAjXbnMuUcu/1T9xnaNXL4gFb9InCdGDbx5vAH04PIMpzaqMxq2oBwVQXsQw==",
      "requires": {
        "k8w-extend-native": "^1.4.6",
        "tsbuffer": "^2.1.7",
        "tslib": "^2.3.1",
        "tsrpc-proto": "^1.3.10"
      }
    },
    "tsrpc-browser": {
      "version": "3.1.5",
      "resolved": "https://registry.npmjs.org/tsrpc-browser/-/tsrpc-browser-3.1.5.tgz",
      "integrity": "sha512-UexzEsvMIksV75meNwGhpVExRBCiGgx6IWdhYMjUPDcJakY2qAUMST1DIF2UA6JM5VjMpOrsKkmpIIMVkPIhCw==",
      "requires": {
        "core-js": "^3",
        "tsrpc-base-client": "^1.2.6"
      }
    },
    "tsrpc-proto": {
      "version": "1.3.12",
      "resolved": "https://registry.npmjs.org/tsrpc-proto/-/tsrpc-proto-1.3.12.tgz",
      "integrity": "sha512-VJOrXyaBwHB2TTQJCIGS6TRhfuMohTzZt54WtiqRjXJghfkqbCIR4U5j8wIJnNNP9TmyQG2c+O144rKJu4inOA==",
      "requires": {
        "tsbuffer-schema": "^2.1.1",
        "tslib": "*"
      }
    }
  }
}
